
Microsoft Visual Studio Solution File, Format Version 12.00
# Visual Studio Version 17
VisualStudioVersion = 17.0.32014.148
MinimumVisualStudioVersion = 10.0.40219.1
Project("{FAE04EC0-301F-11D3-BF4B-00C04F79EFBC}") = "3DPRN_Fiware", "3DPRN_Fiware\3DPRN_Fiware.csproj", "{1170B724-D10A-4DB7-A8AE-071D7B52BC81}"
EndProject
Global
	GlobalSection(SolutionConfigurationPlatforms) = preSolution
		Debug|Any CPU = Debug|Any CPU
		Release|Any CPU = Release|Any CPU
	EndGlobalSection
	GlobalSection(ProjectConfigurationPlatforms) = postSolution
		{1170B724-D10A-4DB7-A8AE-071D7B52BC81}.Debug|Any CPU.ActiveCfg = Debug|Any CPU
		{1170B724-D10A-4DB7-A8AE-071D7B52BC81}.Debug|Any CPU.Build.0 = Debug|Any CPU
		{1170B724-D10A-4DB7-A8AE-071D7B52BC81}.Release|Any CPU.ActiveCfg = Release|Any CPU
		{1170B724-D10A-4DB7-A8AE-071D7B52BC81}.Release|Any CPU.Build.0 = Release|Any CPU
	EndGlobalSection
	GlobalSection(SolutionProperties) = preSolution
		HideSolutionNode = FALSE
	EndGlobalSection
	GlobalSection(ExtensibilityGlobals) = postSolution
		SolutionGuid = {45E6A816-CAE0-4DF3-AB64-82219CE22A3D}
	EndGlobalSection
EndGlobal
